{
  "name": "kage",
  "version": "1.0.0",
  "lockfileVersion": 2,
  "requires": true,
  "packages": {
    "": {
      "name": "kage",
      "version": "1.0.0",
      "license": "ISC",
      "dependencies": {
        "inferno": "^7.4.11"
      }
    },
    "node_modules/inferno": {
      "version": "7.4.11",
      "resolved": "https://registry.npmmirror.com/inferno/download/inferno-7.4.11.tgz",
      "integrity": "sha1-/O4wjPDkovYGbZbadOO0JVg7/GY=",
      "hasInstallScript": true,
      "license": "MIT",
      "dependencies": {
        "inferno-shared": "7.4.11",
        "inferno-vnode-flags": "7.4.11",
        "opencollective-postinstall": "^2.0.3"
      }
    },
    "node_modules/inferno-shared": {
      "version": "7.4.11",
      "resolved": "https://registry.npmmirror.com/inferno-shared/download/inferno-shared-7.4.11.tgz",
      "integrity": "sha1-bgbgZoxNrV+LH9TGiOEHL6pvHoc=",
      "license": "MIT"
    },
    "node_modules/inferno-vnode-flags": {
      "version": "7.4.11",
      "resolved": "https://registry.npmmirror.com/inferno-vnode-flags/download/inferno-vnode-flags-7.4.11.tgz",
      "integrity": "sha1-ZCqDWo3eUU8kQpayfBdqK4cE+6w=",
      "license": "MIT"
    },
    "node_modules/opencollective-postinstall": {
      "version": "2.0.3",
      "resolved": "https://registry.npmmirror.com/opencollective-postinstall/download/opencollective-postinstall-2.0.3.tgz",
      "integrity": "sha1-eg//l49tv6TQBiOPusmO1BmMMlk=",
      "bin": {
        "opencollective-postinstall": "index.js"
      }
    }
  },
  "dependencies": {
    "inferno": {
      "version": "7.4.11",
      "resolved": "https://registry.npmmirror.com/inferno/download/inferno-7.4.11.tgz",
      "integrity": "sha1-/O4wjPDkovYGbZbadOO0JVg7/GY=",
      "requires": {
        "inferno-shared": "7.4.11",
        "inferno-vnode-flags": "7.4.11",
        "opencollective-postinstall": "^2.0.3"
      }
    },
    "inferno-shared": {
      "version": "7.4.11",
      "resolved": "https://registry.npmmirror.com/inferno-shared/download/inferno-shared-7.4.11.tgz",
      "integrity": "sha1-bgbgZoxNrV+LH9TGiOEHL6pvHoc="
    },
    "inferno-vnode-flags": {
      "version": "7.4.11",
      "resolved": "https://registry.npmmirror.com/inferno-vnode-flags/download/inferno-vnode-flags-7.4.11.tgz",
      "integrity": "sha1-ZCqDWo3eUU8kQpayfBdqK4cE+6w="
    },
    "opencollective-postinstall": {
      "version": "2.0.3",
      "resolved": "https://registry.npmmirror.com/opencollective-postinstall/download/opencollective-postinstall-2.0.3.tgz",
      "integrity": "sha1-eg//l49tv6TQBiOPusmO1BmMMlk="
    }
  }
}
